
Microsoft Visual Studio Solution File, Format Version 12.00
# Visual Studio Version 17
VisualStudioVersion = 17.6.33801.468
MinimumVisualStudioVersion = 10.0.40219.1
Project("{FAE04EC0-301F-11D3-BF4B-00C04F79EFBC}") = "vvv", "vvv\vvv.csproj", "{975D506C-3A0E-44F1-BEEA-3BCCB54A8B45}"
EndProject
Global
	GlobalSection(SolutionConfigurationPlatforms) = preSolution
		Debug|Any CPU = Debug|Any CPU
		Release|Any CPU = Release|Any CPU
	EndGlobalSection
	GlobalSection(ProjectConfigurationPlatforms) = postSolution
		{975D506C-3A0E-44F1-BEEA-3BCCB54A8B45}.Debug|Any CPU.ActiveCfg = Debug|Any CPU
		{975D506C-3A0E-44F1-BEEA-3BCCB54A8B45}.Debug|Any CPU.Build.0 = Debug|Any CPU
		{975D506C-3A0E-44F1-BEEA-3BCCB54A8B45}.Release|Any CPU.ActiveCfg = Release|Any CPU
		{975D506C-3A0E-44F1-BEEA-3BCCB54A8B45}.Release|Any CPU.Build.0 = Release|Any CPU
	EndGlobalSection
	GlobalSection(SolutionProperties) = preSolution
		HideSolutionNode = FALSE
	EndGlobalSection
	GlobalSection(ExtensibilityGlobals) = postSolution
		SolutionGuid = {A61F4620-EDC1-401A-829A-FA4ED5722331}
	EndGlobalSection
EndGlobal
